
Microsoft Visual Studio Solution File, Format Version 12.00
# Visual Studio Version 17
VisualStudioVersion = 17.10.35004.147
MinimumVisualStudioVersion = 10.0.40219.1
Project("{FAE04EC0-301F-11D3-BF4B-00C04F79EFBC}") = "Module_4_16_1", "Module_4_16\Module_4_16_1.csproj", "{F331EB72-8A78-464D-9940-E5A29A1110E5}"
EndProject
Project("{FAE04EC0-301F-11D3-BF4B-00C04F79EFBC}") = "Module_4_16_2", "Module_4_16_2\Module_4_16_2.csproj", "{AC77B2B0-2667-4A3F-B61A-4EE95C523C2A}"
EndProject
Global
	GlobalSection(SolutionConfigurationPlatforms) = preSolution
		Debug|Any CPU = Debug|Any CPU
		Release|Any CPU = Release|Any CPU
	EndGlobalSection
	GlobalSection(ProjectConfigurationPlatforms) = postSolution
		{F331EB72-8A78-464D-9940-E5A29A1110E5}.Debug|Any CPU.ActiveCfg = Debug|Any CPU
		{F331EB72-8A78-464D-9940-E5A29A1110E5}.Debug|Any CPU.Build.0 = Debug|Any CPU
		{F331EB72-8A78-464D-9940-E5A29A1110E5}.Release|Any CPU.ActiveCfg = Release|Any CPU
		{F331EB72-8A78-464D-9940-E5A29A1110E5}.Release|Any CPU.Build.0 = Release|Any CPU
		{AC77B2B0-2667-4A3F-B61A-4EE95C523C2A}.Debug|Any CPU.ActiveCfg = Debug|Any CPU
		{AC77B2B0-2667-4A3F-B61A-4EE95C523C2A}.Debug|Any CPU.Build.0 = Debug|Any CPU
		{AC77B2B0-2667-4A3F-B61A-4EE95C523C2A}.Release|Any CPU.ActiveCfg = Release|Any CPU
		{AC77B2B0-2667-4A3F-B61A-4EE95C523C2A}.Release|Any CPU.Build.0 = Release|Any CPU
	EndGlobalSection
	GlobalSection(SolutionProperties) = preSolution
		HideSolutionNode = FALSE
	EndGlobalSection
	GlobalSection(ExtensibilityGlobals) = postSolution
		SolutionGuid = {DFAC5F99-9526-4611-AB19-F95E30C69607}
	EndGlobalSection
EndGlobal
